# This file is autogenerated, do not edit; changes may be undone by the next 'dep ensure'.


[[projects]]
  name = "github.com/gorilla/context"
  packages = ["."]
  revision = "08b5f424b9271eedf6f9f0ce86cb9396ed337a42"
  version = "v1.1.1"

[[projects]]
  name = "github.com/gorilla/mux"
  packages = ["."]
  revision = "e3702bed27f0d39777b0b37b664b6280e8ef8fbf"
  version = "v1.6.2"

[[projects]]
  name = "github.com/mattn/go-sqlite3"
  packages = ["."]
  revision = "25ecb14adfc7543176f7d85291ec7dba82c6f7e4"
  version = "v1.9.0"

[[projects]]
  branch = "master"
  name = "github.com/shurcooL/sanitized_anchor_name"
  packages = ["."]
  revision = "86672fcb3f950f35f2e675df2240550f2a50762f"

[[projects]]
  branch = "master"
  name = "golang.org/x/net"
  packages = [
    "html",
    "html/atom"
  ]
  revision = "32a936f46389aa10549d60bd7833e54b01685d09"

[[projects]]
  name = "gopkg.in/russross/blackfriday.v2"
  packages = ["."]
  revision = "cadec560ec52d93835bf2f15bd794700d3a2473b"
  version = "v2.0.0"

[[projects]]
  name = "gopkg.in/yaml.v2"
  packages = ["."]
  revision = "5420a8b6744d3b0345ab293f6fcba19c978f1183"
  version = "v2.2.1"

[[projects]]
  branch = "master"
  name = "maunium.net/go/gomatrix"
  packages = ["."]
  revision = "a42d596e48b3ded4a95eae8065fc5cf13afeeacc"

[[projects]]
  branch = "master"
  name = "maunium.net/go/mauflag"
  packages = ["."]
  revision = "8337821952ba5e919673bd62c502d43474e5e71d"

[[projects]]
  branch = "master"
  name = "maunium.net/go/maulogger"
  packages = ["."]
  revision = "743010e44ca0ec7bebc89f167d3c8aa7c8e49b13"

[solve-meta]
  analyzer-name = "dep"
  analyzer-version = 1
  inputs-digest = "c21e70a3427dd8c0a380c35ab64e74939c873860c3d764d2f41d63c39115b72b"
  solver-name = "gps-cdcl"
  solver-version = 1
